// !$*UTF8*$!
{
	archiveVersion = 1;
	classes = {
	};
	objectVersion = 53;
	objects = {

/* Begin PBXBuildFile section */
		0A383B730D7A94F8B07AB831 /* Pods_YoungFighterCourse.framework in Frameworks */ = {isa = PBXBuildFile; fileRef = 73AB6E9E5EEDD201B7204A3C /* Pods_YoungFighterCourse.framework */; };
		50130DBE24DD8AEF00DD2486 /* CoreData.framework in Frameworks */ = {isa = PBXBuildFile; fileRef = 50A7D00A24DC1B4400AB8590 /* CoreData.framework */; };
		50199DFF24E41B9800ADABC1 /* SceneDelegate.m in Sources */ = {isa = PBXBuildFile; fileRef = 50199DFD24E41B9800ADABC1 /* SceneDelegate.m */; };
		50199E0424E425A500ADABC1 /* Employee+CoreDataClass.m in Sources */ = {isa = PBXBuildFile; fileRef = 50199E0224E425A500ADABC1 /* Employee+CoreDataClass.m */; };
		50199E0524E425A500ADABC1 /* Employee+CoreDataProperties.m in Sources */ = {isa = PBXBuildFile; fileRef = 50199E0324E425A500ADABC1 /* Employee+CoreDataProperties.m */; };
		503BC22524CB08ED0086D3AD /* AppDelegate.m in Sources */ = {isa = PBXBuildFile; fileRef = 503BC22424CB08ED0086D3AD /* AppDelegate.m */; };
		503BC22B24CB08ED0086D3AD /* DetailViewController.m in Sources */ = {isa = PBXBuildFile; fileRef = 503BC22A24CB08ED0086D3AD /* DetailViewController.m */; };
		503BC22E24CB08ED0086D3AD /* Main.storyboard in Resources */ = {isa = PBXBuildFile; fileRef = 503BC22C24CB08ED0086D3AD /* Main.storyboard */; };
		503BC23024CB08F00086D3AD /* Assets.xcassets in Resources */ = {isa = PBXBuildFile; fileRef = 503BC22F24CB08F00086D3AD /* Assets.xcassets */; };
		503BC23324CB08F00086D3AD /* LaunchScreen.storyboard in Resources */ = {isa = PBXBuildFile; fileRef = 503BC23124CB08F00086D3AD /* LaunchScreen.storyboard */; };
		503BC23624CB08F00086D3AD /* main.m in Sources */ = {isa = PBXBuildFile; fileRef = 503BC23524CB08F00086D3AD /* main.m */; };
		503BC24024CB091B0086D3AD /* Organization.m in Sources */ = {isa = PBXBuildFile; fileRef = 503BC23E24CB091A0086D3AD /* Organization.m */; };
		503BC24124CB091B0086D3AD /* Employee.m in Sources */ = {isa = PBXBuildFile; fileRef = 503BC23F24CB091B0086D3AD /* Employee.m */; };
		5045AE8424E434C800617BB2 /* OrganizationInfoViewController.swift in Sources */ = {isa = PBXBuildFile; fileRef = 5045AE8324E434C800617BB2 /* OrganizationInfoViewController.swift */; };
		5083289124CDA31300CC7A7B /* CreateEmployeeViewController.m in Sources */ = {isa = PBXBuildFile; fileRef = 5083289024CDA31300CC7A7B /* CreateEmployeeViewController.m */; };
		50A990EC24E4118000860461 /* Model.xcdatamodeld in Sources */ = {isa = PBXBuildFile; fileRef = 50A990EA24E4118000860461 /* Model.xcdatamodeld */; };
		50A990EF24E412DC00860461 /* DatabaseController.m in Sources */ = {isa = PBXBuildFile; fileRef = 50A990ED24E412DC00860461 /* DatabaseController.m */; };
		50A9910224E4145C00860461 /* Organization+CoreDataProperties.m in Sources */ = {isa = PBXBuildFile; fileRef = 50A990FE24E4145C00860461 /* Organization+CoreDataProperties.m */; };
		50A9910424E4145C00860461 /* Organization+CoreDataClass.m in Sources */ = {isa = PBXBuildFile; fileRef = 50A9910024E4145C00860461 /* Organization+CoreDataClass.m */; };
		50F97BA024CB159400DB71D0 /* MainViewController.m in Sources */ = {isa = PBXBuildFile; fileRef = 50F97B9F24CB159400DB71D0 /* MainViewController.m */; };
/* End PBXBuildFile section */

/* Begin PBXFileReference section */
		2528997E7EF51A1193727E2A /* Pods-YoungFighterCourse.release.xcconfig */ = {isa = PBXFileReference; includeInIndex = 1; lastKnownFileType = text.xcconfig; name = "Pods-YoungFighterCourse.release.xcconfig"; path = "Target Support Files/Pods-YoungFighterCourse/Pods-YoungFighterCourse.release.xcconfig"; sourceTree = "<group>"; };
		50199DFD24E41B9800ADABC1 /* SceneDelegate.m */ = {isa = PBXFileReference; fileEncoding = 4; lastKnownFileType = sourcecode.c.objc; path = SceneDelegate.m; sourceTree = "<group>"; };
		50199DFE24E41B9800ADABC1 /* SceneDelegate.h */ = {isa = PBXFileReference; fileEncoding = 4; lastKnownFileType = sourcecode.c.h; path = SceneDelegate.h; sourceTree = "<group>"; };
		50199E0024E425A500ADABC1 /* Employee+CoreDataProperties.h */ = {isa = PBXFileReference; lastKnownFileType = sourcecode.c.h; path = "Employee+CoreDataProperties.h"; sourceTree = SOURCE_ROOT; };
		50199E0124E425A500ADABC1 /* Employee+CoreDataClass.h */ = {isa = PBXFileReference; lastKnownFileType = sourcecode.c.h; path = "Employee+CoreDataClass.h"; sourceTree = SOURCE_ROOT; };
		50199E0224E425A500ADABC1 /* Employee+CoreDataClass.m */ = {isa = PBXFileReference; lastKnownFileType = sourcecode.c.objc; path = "Employee+CoreDataClass.m"; sourceTree = SOURCE_ROOT; };
		50199E0324E425A500ADABC1 /* Employee+CoreDataProperties.m */ = {isa = PBXFileReference; lastKnownFileType = sourcecode.c.objc; path = "Employee+CoreDataProperties.m"; sourceTree = SOURCE_ROOT; };
		503BC22024CB08ED0086D3AD /* YoungFighterCourse.app */ = {isa = PBXFileReference; explicitFileType = wrapper.application; includeInIndex = 0; path = YoungFighterCourse.app; sourceTree = BUILT_PRODUCTS_DIR; };
		503BC22324CB08ED0086D3AD /* AppDelegate.h */ = {isa = PBXFileReference; lastKnownFileType = sourcecode.c.h; path = AppDelegate.h; sourceTree = "<group>"; };
		503BC22424CB08ED0086D3AD /* AppDelegate.m */ = {isa = PBXFileReference; lastKnownFileType = sourcecode.c.objc; path = AppDelegate.m; sourceTree = "<group>"; };
		503BC22924CB08ED0086D3AD /* DetailViewController.h */ = {isa = PBXFileReference; lastKnownFileType = sourcecode.c.h; path = DetailViewController.h; sourceTree = "<group>"; };
		503BC22A24CB08ED0086D3AD /* DetailViewController.m */ = {isa = PBXFileReference; lastKnownFileType = sourcecode.c.objc; path = DetailViewController.m; sourceTree = "<group>"; };
		503BC22D24CB08ED0086D3AD /* Base */ = {isa = PBXFileReference; lastKnownFileType = file.storyboard; name = Base; path = Base.lproj/Main.storyboard; sourceTree = "<group>"; };
		503BC22F24CB08F00086D3AD /* Assets.xcassets */ = {isa = PBXFileReference; lastKnownFileType = folder.assetcatalog; path = Assets.xcassets; sourceTree = "<group>"; };
		503BC23224CB08F00086D3AD /* Base */ = {isa = PBXFileReference; lastKnownFileType = file.storyboard; name = Base; path = Base.lproj/LaunchScreen.storyboard; sourceTree = "<group>"; };
		503BC23424CB08F00086D3AD /* Info.plist */ = {isa = PBXFileReference; lastKnownFileType = text.plist.xml; path = Info.plist; sourceTree = "<group>"; };
		503BC23524CB08F00086D3AD /* main.m */ = {isa = PBXFileReference; lastKnownFileType = sourcecode.c.objc; path = main.m; sourceTree = "<group>"; };
		503BC23C24CB091A0086D3AD /* Organization.h */ = {isa = PBXFileReference; fileEncoding = 4; lastKnownFileType = sourcecode.c.h; path = Organization.h; sourceTree = "<group>"; };
		503BC23D24CB091A0086D3AD /* Employee.h */ = {isa = PBXFileReference; fileEncoding = 4; lastKnownFileType = sourcecode.c.h; path = Employee.h; sourceTree = "<group>"; };
		503BC23E24CB091A0086D3AD /* Organization.m */ = {isa = PBXFileReference; fileEncoding = 4; lastKnownFileType = sourcecode.c.objc; path = Organization.m; sourceTree = "<group>"; };
		503BC23F24CB091B0086D3AD /* Employee.m */ = {isa = PBXFileReference; fileEncoding = 4; lastKnownFileType = sourcecode.c.objc; path = Employee.m; sourceTree = "<group>"; };
		5045AE8224E434C800617BB2 /* YoungFighterCourse-Bridging-Header.h */ = {isa = PBXFileReference; lastKnownFileType = sourcecode.c.h; path = "YoungFighterCourse-Bridging-Header.h"; sourceTree = "<group>"; };
		5045AE8324E434C800617BB2 /* OrganizationInfoViewController.swift */ = {isa = PBXFileReference; lastKnownFileType = sourcecode.swift; path = OrganizationInfoViewController.swift; sourceTree = "<group>"; };
		5083288F24CDA31300CC7A7B /* CreateEmployeeViewController.h */ = {isa = PBXFileReference; lastKnownFileType = sourcecode.c.h; path = CreateEmployeeViewController.h; sourceTree = "<group>"; };
		5083289024CDA31300CC7A7B /* CreateEmployeeViewController.m */ = {isa = PBXFileReference; lastKnownFileType = sourcecode.c.objc; path = CreateEmployeeViewController.m; sourceTree = "<group>"; };
		50A7D00A24DC1B4400AB8590 /* CoreData.framework */ = {isa = PBXFileReference; lastKnownFileType = wrapper.framework; name = CoreData.framework; path = System/Library/Frameworks/CoreData.framework; sourceTree = SDKROOT; };
		50A990EB24E4118000860461 /* Model.xcdatamodel */ = {isa = PBXFileReference; lastKnownFileType = wrapper.xcdatamodel; path = Model.xcdatamodel; sourceTree = "<group>"; };
		50A990ED24E412DC00860461 /* DatabaseController.m */ = {isa = PBXFileReference; fileEncoding = 4; lastKnownFileType = sourcecode.c.objc; path = DatabaseController.m; sourceTree = "<group>"; };
		50A990EE24E412DC00860461 /* DatabaseController.h */ = {isa = PBXFileReference; fileEncoding = 4; lastKnownFileType = sourcecode.c.h; path = DatabaseController.h; sourceTree = "<group>"; };
		50A990F924E4145C00860461 /* Organization+CoreDataClass.h */ = {isa = PBXFileReference; fileEncoding = 4; lastKnownFileType = sourcecode.c.h; path = "Organization+CoreDataClass.h"; sourceTree = "<group>"; };
		50A990FC24E4145C00860461 /* Organization+CoreDataProperties.h */ = {isa = PBXFileReference; fileEncoding = 4; lastKnownFileType = sourcecode.c.h; path = "Organization+CoreDataProperties.h"; sourceTree = "<group>"; };
		50A990FE24E4145C00860461 /* Organization+CoreDataProperties.m */ = {isa = PBXFileReference; fileEncoding = 4; lastKnownFileType = sourcecode.c.objc; path = "Organization+CoreDataProperties.m"; sourceTree = "<group>"; };
		50A9910024E4145C00860461 /* Organization+CoreDataClass.m */ = {isa = PBXFileReference; fileEncoding = 4; lastKnownFileType = sourcecode.c.objc; path = "Organization+CoreDataClass.m"; sourceTree = "<group>"; };
		50F97B9E24CB159400DB71D0 /* MainViewController.h */ = {isa = PBXFileReference; lastKnownFileType = sourcecode.c.h; path = MainViewController.h; sourceTree = "<group>"; };
		50F97B9F24CB159400DB71D0 /* MainViewController.m */ = {isa = PBXFileReference; lastKnownFileType = sourcecode.c.objc; path = MainViewController.m; sourceTree = "<group>"; };
		5514EE38DA0DDB44BC02620D /* Pods-YoungFighterCourse.debug.xcconfig */ = {isa = PBXFileReference; includeInIndex = 1; lastKnownFileType = text.xcconfig; name = "Pods-YoungFighterCourse.debug.xcconfig"; path = "Target Support Files/Pods-YoungFighterCourse/Pods-YoungFighterCourse.debug.xcconfig"; sourceTree = "<group>"; };
		73AB6E9E5EEDD201B7204A3C /* Pods_YoungFighterCourse.framework */ = {isa = PBXFileReference; explicitFileType = wrapper.framework; includeInIndex = 0; path = Pods_YoungFighterCourse.framework; sourceTree = BUILT_PRODUCTS_DIR; };
/* End PBXFileReference section */

/* Begin PBXFrameworksBuildPhase section */
		503BC21D24CB08ED0086D3AD /* Frameworks */ = {
			isa = PBXFrameworksBuildPhase;
			buildActionMask = 2147483647;
			files = (
				50130DBE24DD8AEF00DD2486 /* CoreData.framework in Frameworks */,
				0A383B730D7A94F8B07AB831 /* Pods_YoungFighterCourse.framework in Frameworks */,
			);
			runOnlyForDeploymentPostprocessing = 0;
		};
/* End PBXFrameworksBuildPhase section */

/* Begin PBXGroup section */
		503BC21724CB08ED0086D3AD = {
			isa = PBXGroup;
			children = (
				503BC22224CB08ED0086D3AD /* YoungFighterCourse */,
				503BC22124CB08ED0086D3AD /* Products */,
				50A7D00924DC1B4400AB8590 /* Frameworks */,
				EC597E48675A096208792834 /* Pods */,
			);
			sourceTree = "<group>";
		};
		503BC22124CB08ED0086D3AD /* Products */ = {
			isa = PBXGroup;
			children = (
				503BC22024CB08ED0086D3AD /* YoungFighterCourse.app */,
			);
			name = Products;
			sourceTree = "<group>";
		};
		503BC22224CB08ED0086D3AD /* YoungFighterCourse */ = {
			isa = PBXGroup;
			children = (
				50A7D00F24DC1B8400AB8590 /* Storyboards */,
				50F97B9D24CB155200DB71D0 /* Models */,
				50F97B9C24CB153500DB71D0 /* GUI */,
				503BC22F24CB08F00086D3AD /* Assets.xcassets */,
				503BC23424CB08F00086D3AD /* Info.plist */,
				503BC23524CB08F00086D3AD /* main.m */,
			);
			path = YoungFighterCourse;
			sourceTree = "<group>";
		};
		50604CB324E337180091D623 /* CoreData */ = {
			isa = PBXGroup;
			children = (
				50199E0024E425A500ADABC1 /* Employee+CoreDataProperties.h */,
				50199E0124E425A500ADABC1 /* Employee+CoreDataClass.h */,
				50199E0224E425A500ADABC1 /* Employee+CoreDataClass.m */,
				50199E0324E425A500ADABC1 /* Employee+CoreDataProperties.m */,
				50A990F924E4145C00860461 /* Organization+CoreDataClass.h */,
				50A9910024E4145C00860461 /* Organization+CoreDataClass.m */,
				50A990FC24E4145C00860461 /* Organization+CoreDataProperties.h */,
				50A990FE24E4145C00860461 /* Organization+CoreDataProperties.m */,
				50A990EA24E4118000860461 /* Model.xcdatamodeld */,
			);
			path = CoreData;
			sourceTree = "<group>";
		};
		50A7D00924DC1B4400AB8590 /* Frameworks */ = {
			isa = PBXGroup;
			children = (
				50A7D00A24DC1B4400AB8590 /* CoreData.framework */,
				73AB6E9E5EEDD201B7204A3C /* Pods_YoungFighterCourse.framework */,
			);
			name = Frameworks;
			sourceTree = "<group>";
		};
		50A7D00F24DC1B8400AB8590 /* Storyboards */ = {
			isa = PBXGroup;
			children = (
				503BC22C24CB08ED0086D3AD /* Main.storyboard */,
				503BC23124CB08F00086D3AD /* LaunchScreen.storyboard */,
			);
			path = Storyboards;
			sourceTree = "<group>";
		};
		50F97B9C24CB153500DB71D0 /* GUI */ = {
			isa = PBXGroup;
			children = (
				50199DFE24E41B9800ADABC1 /* SceneDelegate.h */,
				50199DFD24E41B9800ADABC1 /* SceneDelegate.m */,
				503BC22324CB08ED0086D3AD /* AppDelegate.h */,
				503BC22424CB08ED0086D3AD /* AppDelegate.m */,
				50F97B9E24CB159400DB71D0 /* MainViewController.h */,
				50F97B9F24CB159400DB71D0 /* MainViewController.m */,
				503BC22924CB08ED0086D3AD /* DetailViewController.h */,
				503BC22A24CB08ED0086D3AD /* DetailViewController.m */,
				5083288F24CDA31300CC7A7B /* CreateEmployeeViewController.h */,
				5083289024CDA31300CC7A7B /* CreateEmployeeViewController.m */,
				5045AE8324E434C800617BB2 /* OrganizationInfoViewController.swift */,
				5045AE8224E434C800617BB2 /* YoungFighterCourse-Bridging-Header.h */,
			);
			path = GUI;
			sourceTree = "<group>";
		};
		50F97B9D24CB155200DB71D0 /* Models */ = {
			isa = PBXGroup;
			children = (
				50604CB324E337180091D623 /* CoreData */,
				50A990EE24E412DC00860461 /* DatabaseController.h */,
				50A990ED24E412DC00860461 /* DatabaseController.m */,
				503BC23D24CB091A0086D3AD /* Employee.h */,
				503BC23F24CB091B0086D3AD /* Employee.m */,
				503BC23C24CB091A0086D3AD /* Organization.h */,
				503BC23E24CB091A0086D3AD /* Organization.m */,
			);
			path = Models;
			sourceTree = "<group>";
		};
		EC597E48675A096208792834 /* Pods */ = {
			isa = PBXGroup;
			children = (
				5514EE38DA0DDB44BC02620D /* Pods-YoungFighterCourse.debug.xcconfig */,
				2528997E7EF51A1193727E2A /* Pods-YoungFighterCourse.release.xcconfig */,
			);
			path = Pods;
			sourceTree = "<group>";
		};
/* End PBXGroup section */

/* Begin PBXNativeTarget section */
		503BC21F24CB08ED0086D3AD /* YoungFighterCourse */ = {
			isa = PBXNativeTarget;
			buildConfigurationList = 503BC23924CB08F00086D3AD /* Build configuration list for PBXNativeTarget "YoungFighterCourse" */;
			buildPhases = (
				F88B6BBA2761BCA5EBB6C6D6 /* [CP] Check Pods Manifest.lock */,
				503BC21C24CB08ED0086D3AD /* Sources */,
				503BC21D24CB08ED0086D3AD /* Frameworks */,
				503BC21E24CB08ED0086D3AD /* Resources */,
				DE805EFE7D98E813C66B02AA /* [CP] Embed Pods Frameworks */,
			);
			buildRules = (
			);
			dependencies = (
			);
			name = YoungFighterCourse;
			productName = YoungFighterCourse;
			productReference = 503BC22024CB08ED0086D3AD /* YoungFighterCourse.app */;
			productType = "com.apple.product-type.application";
		};
/* End PBXNativeTarget section */

/* Begin PBXProject section */
		503BC21824CB08ED0086D3AD /* Project object */ = {
			isa = PBXProject;
			attributes = {
				LastUpgradeCheck = 1160;
				ORGANIZATIONNAME = cr0manty;
				TargetAttributes = {
					503BC21F24CB08ED0086D3AD = {
						CreatedOnToolsVersion = 11.6;
						LastSwiftMigration = 1160;
					};
				};
			};
			buildConfigurationList = 503BC21B24CB08ED0086D3AD /* Build configuration list for PBXProject "YoungFighterCourse" */;
			compatibilityVersion = "Xcode 11.4";
			developmentRegion = en;
			hasScannedForEncodings = 0;
			knownRegions = (
				en,
				Base,
			);
			mainGroup = 503BC21724CB08ED0086D3AD;
			productRefGroup = 503BC22124CB08ED0086D3AD /* Products */;
			projectDirPath = "";
			projectRoot = "";
			targets = (
				503BC21F24CB08ED0086D3AD /* YoungFighterCourse */,
			);
		};
/* End PBXProject section */

/* Begin PBXResourcesBuildPhase section */
		503BC21E24CB08ED0086D3AD /* Resources */ = {
			isa = PBXResourcesBuildPhase;
			buildActionMask = 2147483647;
			files = (
				503BC23324CB08F00086D3AD /* LaunchScreen.storyboard in Resources */,
				503BC23024CB08F00086D3AD /* Assets.xcassets in Resources */,
				503BC22E24CB08ED0086D3AD /* Main.storyboard in Resources */,
			);
			runOnlyForDeploymentPostprocessing = 0;
		};
/* End PBXResourcesBuildPhase section */

/* Begin PBXShellScriptBuildPhase section */
		DE805EFE7D98E813C66B02AA /* [CP] Embed Pods Frameworks */ = {
			isa = PBXShellScriptBuildPhase;
			buildActionMask = 2147483647;
			files = (
			);
			inputFileListPaths = (
				"${PODS_ROOT}/Target Support Files/Pods-YoungFighterCourse/Pods-YoungFighterCourse-frameworks-${CONFIGURATION}-input-files.xcfilelist",
			);
			name = "[CP] Embed Pods Frameworks";
			outputFileListPaths = (
				"${PODS_ROOT}/Target Support Files/Pods-YoungFighterCourse/Pods-YoungFighterCourse-frameworks-${CONFIGURATION}-output-files.xcfilelist",
			);
			runOnlyForDeploymentPostprocessing = 0;
			shellPath = /bin/sh;
			shellScript = "\"${PODS_ROOT}/Target Support Files/Pods-YoungFighterCourse/Pods-YoungFighterCourse-frameworks.sh\"\n";
			showEnvVarsInLog = 0;
		};
		F88B6BBA2761BCA5EBB6C6D6 /* [CP] Check Pods Manifest.lock */ = {
			isa = PBXShellScriptBuildPhase;
			buildActionMask = 2147483647;
			files = (
			);
			inputFileListPaths = (
			);
			inputPaths = (
				"${PODS_PODFILE_DIR_PATH}/Podfile.lock",
				"${PODS_ROOT}/Manifest.lock",
			);
			name = "[CP] Check Pods Manifest.lock";
			outputFileListPaths = (
			);
			outputPaths = (
				"$(DERIVED_FILE_DIR)/Pods-YoungFighterCourse-checkManifestLockResult.txt",
			);
			runOnlyForDeploymentPostprocessing = 0;
			shellPath = /bin/sh;
			shellScript = "diff \"${PODS_PODFILE_DIR_PATH}/Podfile.lock\" \"${PODS_ROOT}/Manifest.lock\" > /dev/null\nif [ $? != 0 ] ; then\n    # print error to STDERR\n    echo \"error: The sandbox is not in sync with the Podfile.lock. Run 'pod install' or update your CocoaPods installation.\" >&2\n    exit 1\nfi\n# This output is used by Xcode 'outputs' to avoid re-running this script phase.\necho \"SUCCESS\" > \"${SCRIPT_OUTPUT_FILE_0}\"\n";
			showEnvVarsInLog = 0;
		};
/* End PBXShellScriptBuildPhase section */

/* Begin PBXSourcesBuildPhase section */
		503BC21C24CB08ED0086D3AD /* Sources */ = {
			isa = PBXSourcesBuildPhase;
			buildActionMask = 2147483647;
			files = (
				50A9910424E4145C00860461 /* Organization+CoreDataClass.m in Sources */,
				503BC22B24CB08ED0086D3AD /* DetailViewController.m in Sources */,
				503BC22524CB08ED0086D3AD /* AppDelegate.m in Sources */,
				50199DFF24E41B9800ADABC1 /* SceneDelegate.m in Sources */,
				503BC23624CB08F00086D3AD /* main.m in Sources */,
				503BC24124CB091B0086D3AD /* Employee.m in Sources */,
				5083289124CDA31300CC7A7B /* CreateEmployeeViewController.m in Sources */,
				50199E0524E425A500ADABC1 /* Employee+CoreDataProperties.m in Sources */,
				50F97BA024CB159400DB71D0 /* MainViewController.m in Sources */,
				50199E0424E425A500ADABC1 /* Employee+CoreDataClass.m in Sources */,
				50A9910224E4145C00860461 /* Organization+CoreDataProperties.m in Sources */,
				50A990EF24E412DC00860461 /* DatabaseController.m in Sources */,
				503BC24024CB091B0086D3AD /* Organization.m in Sources */,
				50A990EC24E4118000860461 /* Model.xcdatamodeld in Sources */,
				5045AE8424E434C800617BB2 /* OrganizationInfoViewController.swift in Sources */,
			);
			runOnlyForDeploymentPostprocessing = 0;
		};
/* End PBXSourcesBuildPhase section */

/* Begin PBXVariantGroup section */
		503BC22C24CB08ED0086D3AD /* Main.storyboard */ = {
			isa = PBXVariantGroup;
			children = (
				503BC22D24CB08ED0086D3AD /* Base */,
			);
			name = Main.storyboard;
			sourceTree = "<group>";
		};
		503BC23124CB08F00086D3AD /* LaunchScreen.storyboard */ = {
			isa = PBXVariantGroup;
			children = (
				503BC23224CB08F00086D3AD /* Base */,
			);
			name = LaunchScreen.storyboard;
			sourceTree = "<group>";
		};
/* End PBXVariantGroup section */

/* Begin XCBuildConfiguration section */
		503BC23724CB08F00086D3AD /* Debug */ = {
			isa = XCBuildConfiguration;
			buildSettings = {
				ALWAYS_SEARCH_USER_PATHS = NO;
				CLANG_ANALYZER_NONNULL = YES;
				CLANG_ANALYZER_NUMBER_OBJECT_CONVERSION = YES_AGGRESSIVE;
				CLANG_CXX_LANGUAGE_STANDARD = "gnu++14";
				CLANG_CXX_LIBRARY = "libc++";
				CLANG_ENABLE_MODULES = YES;
				CLANG_ENABLE_OBJC_ARC = YES;
				CLANG_ENABLE_OBJC_WEAK = YES;
				CLANG_WARN_BLOCK_CAPTURE_AUTORELEASING = YES;
				CLANG_WARN_BOOL_CONVERSION = YES;
				CLANG_WARN_COMMA = YES;
				CLANG_WARN_CONSTANT_CONVERSION = YES;
				CLANG_WARN_DEPRECATED_OBJC_IMPLEMENTATIONS = YES;
				CLANG_WARN_DIRECT_OBJC_ISA_USAGE = YES_ERROR;
				CLANG_WARN_DOCUMENTATION_COMMENTS = YES;
				CLANG_WARN_EMPTY_BODY = YES;
				CLANG_WARN_ENUM_CONVERSION = YES;
				CLANG_WARN_INFINITE_RECURSION = YES;
				CLANG_WARN_INT_CONVERSION = YES;
				CLANG_WARN_NON_LITERAL_NULL_CONVERSION = YES;
				CLANG_WARN_OBJC_IMPLICIT_RETAIN_SELF = YES;
				CLANG_WARN_OBJC_LITERAL_CONVERSION = YES;
				CLANG_WARN_OBJC_ROOT_CLASS = YES_ERROR;
				CLANG_WARN_RANGE_LOOP_ANALYSIS = YES;
				CLANG_WARN_STRICT_PROTOTYPES = YES;
				CLANG_WARN_SUSPICIOUS_MOVE = YES;
				CLANG_WARN_UNGUARDED_AVAILABILITY = YES_AGGRESSIVE;
				CLANG_WARN_UNREACHABLE_CODE = YES;
				CLANG_WARN__DUPLICATE_METHOD_MATCH = YES;
				COPY_PHASE_STRIP = NO;
				DEBUG_INFORMATION_FORMAT = dwarf;
				DEFINES_MODULE = YES;
				ENABLE_STRICT_OBJC_MSGSEND = YES;
				ENABLE_TESTABILITY = YES;
				GCC_C_LANGUAGE_STANDARD = gnu11;
				GCC_DYNAMIC_NO_PIC = NO;
				GCC_NO_COMMON_BLOCKS = YES;
				GCC_OPTIMIZATION_LEVEL = 0;
				GCC_PREPROCESSOR_DEFINITIONS = (
					"DEBUG=1",
					"$(inherited)",
				);
				GCC_WARN_64_TO_32_BIT_CONVERSION = YES;
				GCC_WARN_ABOUT_RETURN_TYPE = YES_ERROR;
				GCC_WARN_UNDECLARED_SELECTOR = YES;
				GCC_WARN_UNINITIALIZED_AUTOS = YES_AGGRESSIVE;
				GCC_WARN_UNUSED_FUNCTION = YES;
				GCC_WARN_UNUSED_VARIABLE = YES;
				IPHONEOS_DEPLOYMENT_TARGET = 13.6;
				MTL_ENABLE_DEBUG_INFO = INCLUDE_SOURCE;
				MTL_FAST_MATH = YES;
				ONLY_ACTIVE_ARCH = YES;
				PRODUCT_MODULE_NAME = YoungFighterCourse;
				SDKROOT = iphoneos;
			};
			name = Debug;
		};
		503BC23824CB08F00086D3AD /* Release */ = {
			isa = XCBuildConfiguration;
			buildSettings = {
				ALWAYS_SEARCH_USER_PATHS = NO;
				CLANG_ANALYZER_NONNULL = YES;
				CLANG_ANALYZER_NUMBER_OBJECT_CONVERSION = YES_AGGRESSIVE;
				CLANG_CXX_LANGUAGE_STANDARD = "gnu++14";
				CLANG_CXX_LIBRARY = "libc++";
				CLANG_ENABLE_MODULES = YES;
				CLANG_ENABLE_OBJC_ARC = YES;
				CLANG_ENABLE_OBJC_WEAK = YES;
				CLANG_WARN_BLOCK_CAPTURE_AUTORELEASING = YES;
				CLANG_WARN_BOOL_CONVERSION = YES;
				CLANG_WARN_COMMA = YES;
				CLANG_WARN_CONSTANT_CONVERSION = YES;
				CLANG_WARN_DEPRECATED_OBJC_IMPLEMENTATIONS = YES;
				CLANG_WARN_DIRECT_OBJC_ISA_USAGE = YES_ERROR;
				CLANG_WARN_DOCUMENTATION_COMMENTS = YES;
				CLANG_WARN_EMPTY_BODY = YES;
				CLANG_WARN_ENUM_CONVERSION = YES;
				CLANG_WARN_INFINITE_RECURSION = YES;
				CLANG_WARN_INT_CONVERSION = YES;
				CLANG_WARN_NON_LITERAL_NULL_CONVERSION = YES;
				CLANG_WARN_OBJC_IMPLICIT_RETAIN_SELF = YES;
				CLANG_WARN_OBJC_LITERAL_CONVERSION = YES;
				CLANG_WARN_OBJC_ROOT_CLASS = YES_ERROR;
				CLANG_WARN_RANGE_LOOP_ANALYSIS = YES;
				CLANG_WARN_STRICT_PROTOTYPES = YES;
				CLANG_WARN_SUSPICIOUS_MOVE = YES;
				CLANG_WARN_UNGUARDED_AVAILABILITY = YES_AGGRESSIVE;
				CLANG_WARN_UNREACHABLE_CODE = YES;
				CLANG_WARN__DUPLICATE_METHOD_MATCH = YES;
				COPY_PHASE_STRIP = NO;
				DEBUG_INFORMATION_FORMAT = "dwarf-with-dsym";
				DEFINES_MODULE = YES;
				ENABLE_NS_ASSERTIONS = NO;
				ENABLE_STRICT_OBJC_MSGSEND = YES;
				GCC_C_LANGUAGE_STANDARD = gnu11;
				GCC_NO_COMMON_BLOCKS = YES;
				GCC_WARN_64_TO_32_BIT_CONVERSION = YES;
				GCC_WARN_ABOUT_RETURN_TYPE = YES_ERROR;
				GCC_WARN_UNDECLARED_SELECTOR = YES;
				GCC_WARN_UNINITIALIZED_AUTOS = YES_AGGRESSIVE;
				GCC_WARN_UNUSED_FUNCTION = YES;
				GCC_WARN_UNUSED_VARIABLE = YES;
				IPHONEOS_DEPLOYMENT_TARGET = 13.6;
				MTL_ENABLE_DEBUG_INFO = NO;
				MTL_FAST_MATH = YES;
				PRODUCT_MODULE_NAME = YoungFighterCourse;
				SDKROOT = iphoneos;
				VALIDATE_PRODUCT = YES;
			};
			name = Release;
		};
		503BC23A24CB08F00086D3AD /* Debug */ = {
			isa = XCBuildConfiguration;
			baseConfigurationReference = 5514EE38DA0DDB44BC02620D /* Pods-YoungFighterCourse.debug.xcconfig */;
			buildSettings = {
				ASSETCATALOG_COMPILER_APPICON_NAME = AppIcon;
				CLANG_ENABLE_MODULES = YES;
				CODE_SIGN_STYLE = Automatic;
				DEFINES_MODULE = NO;
				DEVELOPMENT_TEAM = AEP675C638;
				GCC_NO_COMMON_BLOCKS = NO;
				INFOPLIST_FILE = YoungFighterCourse/Info.plist;
				LD_RUNPATH_SEARCH_PATHS = (
					"$(inherited)",
					"@executable_path/Frameworks",
				);
				PRODUCT_BUNDLE_IDENTIFIER = com.cr0manty.YoungFighterCourse;
				PRODUCT_NAME = "$(TARGET_NAME)";
				SWIFT_OBJC_BRIDGING_HEADER = "YoungFighterCourse/GUI/YoungFighterCourse-Bridging-Header.h";
				SWIFT_OPTIMIZATION_LEVEL = "-Onone";
				SWIFT_VERSION = 5.0;
				TARGETED_DEVICE_FAMILY = "1,2";
			};
			name = Debug;
		};
		503BC23B24CB08F00086D3AD /* Release */ = {
			isa = XCBuildConfiguration;
			baseConfigurationReference = 2528997E7EF51A1193727E2A /* Pods-YoungFighterCourse.release.xcconfig */;
			buildSettings = {
				ASSETCATALOG_COMPILER_APPICON_NAME = AppIcon;
				CLANG_ENABLE_MODULES = YES;
				CODE_SIGN_STYLE = Automatic;
				DEFINES_MODULE = NO;
				DEVELOPMENT_TEAM = AEP675C638;
				GCC_NO_COMMON_BLOCKS = NO;
				INFOPLIST_FILE = YoungFighterCourse/Info.plist;
				LD_RUNPATH_SEARCH_PATHS = (
					"$(inherited)",
					"@executable_path/Frameworks",
				);
				PRODUCT_BUNDLE_IDENTIFIER = com.cr0manty.YoungFighterCourse;
				PRODUCT_NAME = "$(TARGET_NAME)";
				SWIFT_OBJC_BRIDGING_HEADER = "YoungFighterCourse/GUI/YoungFighterCourse-Bridging-Header.h";
				SWIFT_VERSION = 5.0;
				TARGETED_DEVICE_FAMILY = "1,2";
			};
			name = Release;
		};
/* End XCBuildConfiguration section */

/* Begin XCConfigurationList section */
		503BC21B24CB08ED0086D3AD /* Build configuration list for PBXProject "YoungFighterCourse" */ = {
			isa = XCConfigurationList;
			buildConfigurations = (
				503BC23724CB08F00086D3AD /* Debug */,
				503BC23824CB08F00086D3AD /* Release */,
			);
			defaultConfigurationIsVisible = 0;
			defaultConfigurationName = Release;
		};
		503BC23924CB08F00086D3AD /* Build configuration list for PBXNativeTarget "YoungFighterCourse" */ = {
			isa = XCConfigurationList;
			buildConfigurations = (
				503BC23A24CB08F00086D3AD /* Debug */,
				503BC23B24CB08F00086D3AD /* Release */,
			);
			defaultConfigurationIsVisible = 0;
			defaultConfigurationName = Release;
		};
/* End XCConfigurationList section */

/* Begin XCVersionGroup section */
		50A990EA24E4118000860461 /* Model.xcdatamodeld */ = {
			isa = XCVersionGroup;
			children = (
				50A990EB24E4118000860461 /* Model.xcdatamodel */,
			);
			currentVersion = 50A990EB24E4118000860461 /* Model.xcdatamodel */;
			path = Model.xcdatamodeld;
			sourceTree = "<group>";
			versionGroupType = wrapper.xcdatamodel;
		};
/* End XCVersionGroup section */
	};
	rootObject = 503BC21824CB08ED0086D3AD /* Project object */;
}
